{
  "version": 4,
  "terraform_version": "1.1.7",
  "serial": 12,
  "lineage": "9e89182c-f5a1-7e31-c1ca-af67ee66c66e",
  "outputs": {},
  "resources": [
    {
      "mode": "data",
      "type": "aws_ami",
      "name": "ubuntu",
      "provider": "provider[\"registry.terraform.io/hashicorp/aws\"]",
      "instances": [
        {
          "schema_version": 0,
          "attributes": {
            "architecture": "x86_64",
            "arn": "arn:aws-cn:ec2:cn-northwest-1::image/ami-0438d80ac116a1415",
            "block_device_mappings": [
              {
                "device_name": "/dev/sda1",
                "ebs": {
                  "delete_on_termination": "true",
                  "encrypted": "false",
                  "iops": "3000",
                  "snapshot_id": "snap-011a8018deff77c30",
                  "throughput": "125",
                  "volume_size": "8",
                  "volume_type": "gp3"
                },
                "no_device": "",
                "virtual_name": ""
              },
              {
                "device_name": "/dev/sdb",
                "ebs": {},
                "no_device": "",
                "virtual_name": "ephemeral0"
              },
              {
                "device_name": "/dev/sdc",
                "ebs": {},
                "no_device": "",
                "virtual_name": "ephemeral1"
              }
            ],
            "creation_date": "2022-03-25T06:41:35.000Z",
            "description": null,
            "ena_support": true,
            "executable_users": null,
            "filter": [
              {
                "name": "architecture",
                "values": [
                  "x86_64"
                ]
              },
              {
                "name": "name",
                "values": [
                  "cloudcasts-staging-1648190357-*"
                ]
              },
              {
                "name": "virtualization-type",
                "values": [
                  "hvm"
                ]
              }
            ],
            "hypervisor": "xen",
            "id": "ami-0438d80ac116a1415",
            "image_id": "ami-0438d80ac116a1415",
            "image_location": "353880636441/cloudcasts-staging-1648190357-app",
            "image_owner_alias": null,
            "image_type": "machine",
            "kernel_id": null,
            "most_recent": true,
            "name": "cloudcasts-staging-1648190357-app",
            "name_regex": null,
            "owner_id": "353880636441",
            "owners": [
              "self"
            ],
            "platform": null,
            "platform_details": "Linux/UNIX",
            "product_codes": [],
            "public": false,
            "ramdisk_id": null,
            "root_device_name": "/dev/sda1",
            "root_device_type": "ebs",
            "root_snapshot_id": "snap-011a8018deff77c30",
            "sriov_net_support": "simple",
            "state": "available",
            "state_reason": {
              "code": "UNSET",
              "message": "UNSET"
            },
            "tags": {
              "Component": "app",
              "Environment": "staging",
              "ManagedBy": "packer",
              "Name": "cloudcasts-staging-1648190357-app",
              "Project": "cloudcasts",
              "Role": "baked-ami",
              "Unique": "baked-ami-1648190357"
            },
            "usage_operation": "RunInstances",
            "virtualization_type": "hvm"
          },
          "sensitive_attributes": []
        }
      ]
    },
    {
      "mode": "managed",
      "type": "aws_eip",
      "name": "cloudcasts_web_addr",
      "provider": "provider[\"registry.terraform.io/hashicorp/aws\"]",
      "instances": [
        {
          "schema_version": 0,
          "attributes": {
            "address": null,
            "allocation_id": "eipalloc-078991e6e87b9644a",
            "associate_with_private_ip": null,
            "association_id": "eipassoc-01ba450b1380d1231",
            "carrier_ip": "",
            "customer_owned_ip": "",
            "customer_owned_ipv4_pool": "",
            "domain": "vpc",
            "id": "eipalloc-078991e6e87b9644a",
            "instance": "i-0334bb49f72dbd2a6",
            "network_border_group": "cn-northwest-1",
            "network_interface": "eni-0e69640087f3c0e0d",
            "private_dns": "ip-172-31-11-151.cn-northwest-1.compute.internal",
            "private_ip": "172.31.11.151",
            "public_dns": "ec2-69-235-175-52.cn-northwest-1.compute.amazonaws.com.cn",
            "public_ip": "69.235.175.52",
            "public_ipv4_pool": "amazon",
            "tags": {
              "Environment": "staging",
              "ManagedBy": "terraform",
              "Name": "cloudcasts-staging-web",
              "Project": "cloudcasts.io"
            },
            "tags_all": {
              "Environment": "staging",
              "ManagedBy": "terraform",
              "Name": "cloudcasts-staging-web",
              "Project": "cloudcasts.io"
            },
            "timeouts": null,
            "vpc": true
          },
          "sensitive_attributes": [],
          "private": "eyJlMmJmYjczMC1lY2FhLTExZTYtOGY4OC0zNDM2M2JjN2M0YzAiOnsiZGVsZXRlIjoxODAwMDAwMDAwMDAsInJlYWQiOjkwMDAwMDAwMDAwMCwidXBkYXRlIjozMDAwMDAwMDAwMDB9fQ=="
        }
      ]
    },
    {
      "mode": "managed",
      "type": "aws_eip_association",
      "name": "cloudcasts_web_eip_association",
      "provider": "provider[\"registry.terraform.io/hashicorp/aws\"]",
      "instances": [
        {
          "schema_version": 0,
          "attributes": {
            "allocation_id": "eipalloc-078991e6e87b9644a",
            "allow_reassociation": null,
            "id": "eipassoc-01ba450b1380d1231",
            "instance_id": "i-0334bb49f72dbd2a6",
            "network_interface_id": "eni-0e69640087f3c0e0d",
            "private_ip_address": "172.31.11.151",
            "public_ip": "69.235.175.52"
          },
          "sensitive_attributes": [],
          "private": "bnVsbA==",
          "dependencies": [
            "aws_eip.cloudcasts_web_addr",
            "aws_instance.cloudcasts_web",
            "data.aws_ami.ubuntu"
          ]
        }
      ]
    },
    {
      "mode": "managed",
      "type": "aws_instance",
      "name": "cloudcasts_web",
      "provider": "provider[\"registry.terraform.io/hashicorp/aws\"]",
      "instances": [
        {
          "schema_version": 1,
          "attributes": {
            "ami": "ami-0438d80ac116a1415",
            "arn": "arn:aws-cn:ec2:cn-northwest-1:353880636441:instance/i-0334bb49f72dbd2a6",
            "associate_public_ip_address": true,
            "availability_zone": "cn-northwest-1a",
            "capacity_reservation_specification": [
              {
                "capacity_reservation_preference": "open",
                "capacity_reservation_target": []
              }
            ],
            "cpu_core_count": 1,
            "cpu_threads_per_core": 2,
            "credit_specification": [
              {
                "cpu_credits": "unlimited"
              }
            ],
            "disable_api_termination": false,
            "ebs_block_device": [],
            "ebs_optimized": false,
            "enclave_options": [
              {
                "enabled": false
              }
            ],
            "ephemeral_block_device": [],
            "get_password_data": false,
            "hibernation": false,
            "host_id": null,
            "iam_instance_profile": "",
            "id": "i-0334bb49f72dbd2a6",
            "instance_initiated_shutdown_behavior": "stop",
            "instance_state": "running",
            "instance_type": "t3.small",
            "ipv6_address_count": 0,
            "ipv6_addresses": [],
            "key_name": "",
            "launch_template": [],
            "metadata_options": [
              {
                "http_endpoint": "enabled",
                "http_put_response_hop_limit": 1,
                "http_tokens": "optional",
                "instance_metadata_tags": "disabled"
              }
            ],
            "monitoring": false,
            "network_interface": [],
            "outpost_arn": "",
            "password_data": "",
            "placement_group": "",
            "placement_partition_number": null,
            "primary_network_interface_id": "eni-0e69640087f3c0e0d",
            "private_dns": "ip-172-31-11-151.cn-northwest-1.compute.internal",
            "private_ip": "172.31.11.151",
            "public_dns": "ec2-69-235-175-52.cn-northwest-1.compute.amazonaws.com.cn",
            "public_ip": "69.235.175.52",
            "root_block_device": [
              {
                "delete_on_termination": true,
                "device_name": "/dev/sda1",
                "encrypted": false,
                "iops": 3000,
                "kms_key_id": "",
                "tags": {},
                "throughput": 125,
                "volume_id": "vol-0d65237724e627fb1",
                "volume_size": 8,
                "volume_type": "gp3"
              }
            ],
            "secondary_private_ips": [],
            "security_groups": [
              "default"
            ],
            "source_dest_check": true,
            "subnet_id": "subnet-4b368e22",
            "tags": {
              "Environment": "staging",
              "ManagedBy": "terraform",
              "Name": "cloudcasts-staging-web",
              "Project": "cloudcasts.io"
            },
            "tags_all": {
              "Environment": "staging",
              "ManagedBy": "terraform",
              "Name": "cloudcasts-staging-web",
              "Project": "cloudcasts.io"
            },
            "tenancy": "default",
            "timeouts": null,
            "user_data": null,
            "user_data_base64": null,
            "volume_tags": null,
            "vpc_security_group_ids": [
              "sg-b4a235de"
            ]
          },
          "sensitive_attributes": [],
          "private": "eyJlMmJmYjczMC1lY2FhLTExZTYtOGY4OC0zNDM2M2JjN2M0YzAiOnsiY3JlYXRlIjo2MDAwMDAwMDAwMDAsImRlbGV0ZSI6MTIwMDAwMDAwMDAwMCwidXBkYXRlIjo2MDAwMDAwMDAwMDB9LCJzY2hlbWFfdmVyc2lvbiI6IjEifQ==",
          "dependencies": [
            "data.aws_ami.ubuntu"
          ]
        }
      ]
    }
  ]
}
